
Microsoft Visual Studio Solution File, Format Version 12.00
# Visual Studio Version 16
VisualStudioVersion = 16.0.33927.289
MinimumVisualStudioVersion = 10.0.40219.1
Project("{2150E333-8FDC-42A3-9474-1A3956D46DE8}") = "Task0", "Task0", "{81C1E117-8D1A-486C-A229-6904C3811C6E}"
EndProject
Project("{FAE04EC0-301F-11D3-BF4B-00C04F79EFBC}") = "Tyuiu.ChazovaSR.Sprint4.Task0.V12", "Tyuiu.ChazovaSR.Sprint4.Task0.V12\Tyuiu.ChazovaSR.Sprint4.Task0.V12.csproj", "{2CAF4764-25A7-4061-B8E0-05AF22EF5F35}"
EndProject
Project("{FAE04EC0-301F-11D3-BF4B-00C04F79EFBC}") = "Tyuiu.ChazovaSR.Sprint4.Task0.V12.Test", "Tyuiu.ChazovaSR.Sprint4.Task0.V12.Test\Tyuiu.ChazovaSR.Sprint4.Task0.V12.Test.csproj", "{8727F6BA-E998-4076-8870-0F10481426F9}"
EndProject
Project("{FAE04EC0-301F-11D3-BF4B-00C04F79EFBC}") = "Tyuiu.ChazovaSR.Sprint4.Task0.V12.Lib", "Tyuiu.ChazovaSR.Sprint4.Task0.V12.Lib\Tyuiu.ChazovaSR.Sprint4.Task0.V12.Lib.csproj", "{1B0580CE-B572-4E7B-9D6E-49F38C46BEEB}"
EndProject
Project("{2150E333-8FDC-42A3-9474-1A3956D46DE8}") = "Task1", "Task1", "{D860F473-777C-4FC5-B934-EF74A261069D}"
EndProject
Project("{FAE04EC0-301F-11D3-BF4B-00C04F79EFBC}") = "Tyuiu.ChazovaSR.Sprint4.Task1.V17", "Tyuiu.ChazovaSR.Sprint4.Task1.V17\Tyuiu.ChazovaSR.Sprint4.Task1.V17.csproj", "{6B6DDC47-12F4-4F52-80A9-0257DF0816C1}"
EndProject
Project("{FAE04EC0-301F-11D3-BF4B-00C04F79EFBC}") = "Tyuiu.ChazovaSR.Sprint4.Task1.V17.Lib", "Tyuiu.ChazovaSR.Sprint4.Task1.V17.Lib\Tyuiu.ChazovaSR.Sprint4.Task1.V17.Lib.csproj", "{4D04FE12-B9C7-4F01-B36F-B9D379186F31}"
EndProject
Project("{FAE04EC0-301F-11D3-BF4B-00C04F79EFBC}") = "Tyuiu.ChazovaSR.Sprint4.Task1.V17.Test", "Tyuiu.ChazovaSR.Sprint4.Task1.V17.Test\Tyuiu.ChazovaSR.Sprint4.Task1.V17.Test.csproj", "{5B83BABC-FB19-4E15-BF2C-00264818318B}"
EndProject
Global
	GlobalSection(SolutionConfigurationPlatforms) = preSolution
		Debug|Any CPU = Debug|Any CPU
		Release|Any CPU = Release|Any CPU
	EndGlobalSection
	GlobalSection(ProjectConfigurationPlatforms) = postSolution
		{2CAF4764-25A7-4061-B8E0-05AF22EF5F35}.Debug|Any CPU.ActiveCfg = Debug|Any CPU
		{2CAF4764-25A7-4061-B8E0-05AF22EF5F35}.Debug|Any CPU.Build.0 = Debug|Any CPU
		{2CAF4764-25A7-4061-B8E0-05AF22EF5F35}.Release|Any CPU.ActiveCfg = Release|Any CPU
		{2CAF4764-25A7-4061-B8E0-05AF22EF5F35}.Release|Any CPU.Build.0 = Release|Any CPU
		{8727F6BA-E998-4076-8870-0F10481426F9}.Debug|Any CPU.ActiveCfg = Debug|Any CPU
		{8727F6BA-E998-4076-8870-0F10481426F9}.Debug|Any CPU.Build.0 = Debug|Any CPU
		{8727F6BA-E998-4076-8870-0F10481426F9}.Release|Any CPU.ActiveCfg = Release|Any CPU
		{8727F6BA-E998-4076-8870-0F10481426F9}.Release|Any CPU.Build.0 = Release|Any CPU
		{1B0580CE-B572-4E7B-9D6E-49F38C46BEEB}.Debug|Any CPU.ActiveCfg = Debug|Any CPU
		{1B0580CE-B572-4E7B-9D6E-49F38C46BEEB}.Debug|Any CPU.Build.0 = Debug|Any CPU
		{1B0580CE-B572-4E7B-9D6E-49F38C46BEEB}.Release|Any CPU.ActiveCfg = Release|Any CPU
		{1B0580CE-B572-4E7B-9D6E-49F38C46BEEB}.Release|Any CPU.Build.0 = Release|Any CPU
		{6B6DDC47-12F4-4F52-80A9-0257DF0816C1}.Debug|Any CPU.ActiveCfg = Debug|Any CPU
		{6B6DDC47-12F4-4F52-80A9-0257DF0816C1}.Debug|Any CPU.Build.0 = Debug|Any CPU
		{6B6DDC47-12F4-4F52-80A9-0257DF0816C1}.Release|Any CPU.ActiveCfg = Release|Any CPU
		{6B6DDC47-12F4-4F52-80A9-0257DF0816C1}.Release|Any CPU.Build.0 = Release|Any CPU
		{4D04FE12-B9C7-4F01-B36F-B9D379186F31}.Debug|Any CPU.ActiveCfg = Debug|Any CPU
		{4D04FE12-B9C7-4F01-B36F-B9D379186F31}.Debug|Any CPU.Build.0 = Debug|Any CPU
		{4D04FE12-B9C7-4F01-B36F-B9D379186F31}.Release|Any CPU.ActiveCfg = Release|Any CPU
		{4D04FE12-B9C7-4F01-B36F-B9D379186F31}.Release|Any CPU.Build.0 = Release|Any CPU
		{5B83BABC-FB19-4E15-BF2C-00264818318B}.Debug|Any CPU.ActiveCfg = Debug|Any CPU
		{5B83BABC-FB19-4E15-BF2C-00264818318B}.Debug|Any CPU.Build.0 = Debug|Any CPU
		{5B83BABC-FB19-4E15-BF2C-00264818318B}.Release|Any CPU.ActiveCfg = Release|Any CPU
		{5B83BABC-FB19-4E15-BF2C-00264818318B}.Release|Any CPU.Build.0 = Release|Any CPU
	EndGlobalSection
	GlobalSection(SolutionProperties) = preSolution
		HideSolutionNode = FALSE
	EndGlobalSection
	GlobalSection(NestedProjects) = preSolution
		{2CAF4764-25A7-4061-B8E0-05AF22EF5F35} = {81C1E117-8D1A-486C-A229-6904C3811C6E}
		{8727F6BA-E998-4076-8870-0F10481426F9} = {81C1E117-8D1A-486C-A229-6904C3811C6E}
		{1B0580CE-B572-4E7B-9D6E-49F38C46BEEB} = {81C1E117-8D1A-486C-A229-6904C3811C6E}
		{6B6DDC47-12F4-4F52-80A9-0257DF0816C1} = {D860F473-777C-4FC5-B934-EF74A261069D}
		{4D04FE12-B9C7-4F01-B36F-B9D379186F31} = {D860F473-777C-4FC5-B934-EF74A261069D}
		{5B83BABC-FB19-4E15-BF2C-00264818318B} = {D860F473-777C-4FC5-B934-EF74A261069D}
	EndGlobalSection
	GlobalSection(ExtensibilityGlobals) = postSolution
		SolutionGuid = {7392F019-0782-4435-82EC-DF803BA9CAB7}
	EndGlobalSection
EndGlobal
